
Microsoft Visual Studio Solution File, Format Version 12.00
# Visual Studio Version 16
VisualStudioVersion = 16.0.810.21
MinimumVisualStudioVersion = 10.0.40219.1
Project("{FAE04EC0-301F-11D3-BF4B-00C04F79EFBC}") = "BethanyPieShop", "BethanyPieShop\BethanyPieShop.csproj", "{584A270A-D4F8-4EE6-861F-15E3AC3AE001}"
EndProject
Global
	GlobalSection(SolutionConfigurationPlatforms) = preSolution
		Debug|Any CPU = Debug|Any CPU
		Release|Any CPU = Release|Any CPU
	EndGlobalSection
	GlobalSection(ProjectConfigurationPlatforms) = postSolution
		{584A270A-D4F8-4EE6-861F-15E3AC3AE001}.Debug|Any CPU.ActiveCfg = Debug|Any CPU
		{584A270A-D4F8-4EE6-861F-15E3AC3AE001}.Debug|Any CPU.Build.0 = Debug|Any CPU
		{584A270A-D4F8-4EE6-861F-15E3AC3AE001}.Release|Any CPU.ActiveCfg = Release|Any CPU
		{584A270A-D4F8-4EE6-861F-15E3AC3AE001}.Release|Any CPU.Build.0 = Release|Any CPU
	EndGlobalSection
	GlobalSection(SolutionProperties) = preSolution
		HideSolutionNode = FALSE
	EndGlobalSection
	GlobalSection(ExtensibilityGlobals) = postSolution
		SolutionGuid = {6D483534-85A8-469C-BAD6-4C4CA4C4C786}
	EndGlobalSection
EndGlobal
